// !$*UTF8*$!
{
	archiveVersion = 1;
	classes = {
	};
	objectVersion = 46;
	objects = {

/* Begin PBXBuildFile section */
		0A2F992350974886B4250FA0 /* Pods_SwiftStudy.framework in Frameworks */ = {isa = PBXBuildFile; fileRef = 23A7D6BE3BAFE162F10E9D59 /* Pods_SwiftStudy.framework */; };
		8F0118D81E35966700507B2F /* podfile in Resources */ = {isa = PBXBuildFile; fileRef = 8F0118D71E35966700507B2F /* podfile */; };
		8F0234931E24BE5C00528A59 /* AppDelegate.swift in Sources */ = {isa = PBXBuildFile; fileRef = 8F0234921E24BE5C00528A59 /* AppDelegate.swift */; };
		8F02349A1E24BE5C00528A59 /* Assets.xcassets in Resources */ = {isa = PBXBuildFile; fileRef = 8F0234991E24BE5C00528A59 /* Assets.xcassets */; };
		8F0234A71E24C21300528A59 /* JMTool.swift in Sources */ = {isa = PBXBuildFile; fileRef = 8F0234A61E24C21300528A59 /* JMTool.swift */; };
		8F1B12B71E8CEC2400D10359 /* JMHttp.swift in Sources */ = {isa = PBXBuildFile; fileRef = 8F1B12B61E8CEC2400D10359 /* JMHttp.swift */; };
		8F20766E1E8E04D90074FC33 /* TestViewController.swift in Sources */ = {isa = PBXBuildFile; fileRef = 8F20766D1E8E04D90074FC33 /* TestViewController.swift */; };
		8F277EEF1E2C52F10034B8A0 /* JMTabbarViewController.swift in Sources */ = {isa = PBXBuildFile; fileRef = 8F277EEE1E2C52F00034B8A0 /* JMTabbarViewController.swift */; };
		8F277EF11E2C55280034B8A0 /* Header.swift in Sources */ = {isa = PBXBuildFile; fileRef = 8F277EF01E2C55280034B8A0 /* Header.swift */; };
		8F277EF31E2C55320034B8A0 /* Url.swift in Sources */ = {isa = PBXBuildFile; fileRef = 8F277EF21E2C55320034B8A0 /* Url.swift */; };
		8FB9AC5E1E9C7B7F0048A0D6 /* BaseViewController.swift in Sources */ = {isa = PBXBuildFile; fileRef = 8FB9AC5D1E9C7B7F0048A0D6 /* BaseViewController.swift */; };
/* End PBXBuildFile section */

/* Begin PBXFileReference section */
		23A7D6BE3BAFE162F10E9D59 /* Pods_SwiftStudy.framework */ = {isa = PBXFileReference; explicitFileType = wrapper.framework; includeInIndex = 0; path = Pods_SwiftStudy.framework; sourceTree = BUILT_PRODUCTS_DIR; };
		488CB5CF0768E430CD763003 /* Pods-SwiftStudy.debug.xcconfig */ = {isa = PBXFileReference; includeInIndex = 1; lastKnownFileType = text.xcconfig; name = "Pods-SwiftStudy.debug.xcconfig"; path = "Pods/Target Support Files/Pods-SwiftStudy/Pods-SwiftStudy.debug.xcconfig"; sourceTree = "<group>"; };
		8F0118D71E35966700507B2F /* podfile */ = {isa = PBXFileReference; fileEncoding = 4; lastKnownFileType = text; path = podfile; sourceTree = "<group>"; xcLanguageSpecificationIdentifier = xcode.lang.ruby; };
		8F02348F1E24BE5C00528A59 /* SwiftStudy.app */ = {isa = PBXFileReference; explicitFileType = wrapper.application; includeInIndex = 0; path = SwiftStudy.app; sourceTree = BUILT_PRODUCTS_DIR; };
		8F0234921E24BE5C00528A59 /* AppDelegate.swift */ = {isa = PBXFileReference; lastKnownFileType = sourcecode.swift; path = AppDelegate.swift; sourceTree = "<group>"; };
		8F0234991E24BE5C00528A59 /* Assets.xcassets */ = {isa = PBXFileReference; lastKnownFileType = folder.assetcatalog; path = Assets.xcassets; sourceTree = "<group>"; };
		8F02349E1E24BE5C00528A59 /* Info.plist */ = {isa = PBXFileReference; lastKnownFileType = text.plist.xml; path = Info.plist; sourceTree = "<group>"; };
		8F0234A61E24C21300528A59 /* JMTool.swift */ = {isa = PBXFileReference; fileEncoding = 4; lastKnownFileType = sourcecode.swift; path = JMTool.swift; sourceTree = "<group>"; };
		8F1B12B61E8CEC2400D10359 /* JMHttp.swift */ = {isa = PBXFileReference; fileEncoding = 4; lastKnownFileType = sourcecode.swift; path = JMHttp.swift; sourceTree = "<group>"; };
		8F20766D1E8E04D90074FC33 /* TestViewController.swift */ = {isa = PBXFileReference; fileEncoding = 4; lastKnownFileType = sourcecode.swift; path = TestViewController.swift; sourceTree = "<group>"; };
		8F277EEE1E2C52F00034B8A0 /* JMTabbarViewController.swift */ = {isa = PBXFileReference; fileEncoding = 4; lastKnownFileType = sourcecode.swift; path = JMTabbarViewController.swift; sourceTree = "<group>"; };
		8F277EF01E2C55280034B8A0 /* Header.swift */ = {isa = PBXFileReference; fileEncoding = 4; lastKnownFileType = sourcecode.swift; path = Header.swift; sourceTree = "<group>"; };
		8F277EF21E2C55320034B8A0 /* Url.swift */ = {isa = PBXFileReference; fileEncoding = 4; lastKnownFileType = sourcecode.swift; path = Url.swift; sourceTree = "<group>"; };
		8F277EF51E2C6E7E0034B8A0 /* SwiftStudy-Bridging-Header.h */ = {isa = PBXFileReference; lastKnownFileType = sourcecode.c.h; path = "SwiftStudy-Bridging-Header.h"; sourceTree = "<group>"; };
		8FB9AC5D1E9C7B7F0048A0D6 /* BaseViewController.swift */ = {isa = PBXFileReference; fileEncoding = 4; lastKnownFileType = sourcecode.swift; path = BaseViewController.swift; sourceTree = "<group>"; };
		E35865329A072696B18C17C5 /* Pods-SwiftStudy.release.xcconfig */ = {isa = PBXFileReference; includeInIndex = 1; lastKnownFileType = text.xcconfig; name = "Pods-SwiftStudy.release.xcconfig"; path = "Pods/Target Support Files/Pods-SwiftStudy/Pods-SwiftStudy.release.xcconfig"; sourceTree = "<group>"; };
/* End PBXFileReference section */

/* Begin PBXFrameworksBuildPhase section */
		8F02348C1E24BE5C00528A59 /* Frameworks */ = {
			isa = PBXFrameworksBuildPhase;
			buildActionMask = 2147483647;
			files = (
				0A2F992350974886B4250FA0 /* Pods_SwiftStudy.framework in Frameworks */,
			);
			runOnlyForDeploymentPostprocessing = 0;
		};
/* End PBXFrameworksBuildPhase section */

/* Begin PBXGroup section */
		45078CD6707707C0C0D09611 /* Pods */ = {
			isa = PBXGroup;
			children = (
				488CB5CF0768E430CD763003 /* Pods-SwiftStudy.debug.xcconfig */,
				E35865329A072696B18C17C5 /* Pods-SwiftStudy.release.xcconfig */,
			);
			name = Pods;
			sourceTree = "<group>";
		};
		75692E456142A171AFF7136D /* Frameworks */ = {
			isa = PBXGroup;
			children = (
				23A7D6BE3BAFE162F10E9D59 /* Pods_SwiftStudy.framework */,
			);
			name = Frameworks;
			sourceTree = "<group>";
		};
		8F0234861E24BE5C00528A59 = {
			isa = PBXGroup;
			children = (
				8F0118D71E35966700507B2F /* podfile */,
				8F0234911E24BE5C00528A59 /* SwiftStudy */,
				8F0234901E24BE5C00528A59 /* Products */,
				45078CD6707707C0C0D09611 /* Pods */,
				75692E456142A171AFF7136D /* Frameworks */,
			);
			sourceTree = "<group>";
		};
		8F0234901E24BE5C00528A59 /* Products */ = {
			isa = PBXGroup;
			children = (
				8F02348F1E24BE5C00528A59 /* SwiftStudy.app */,
			);
			name = Products;
			sourceTree = "<group>";
		};
		8F0234911E24BE5C00528A59 /* SwiftStudy */ = {
			isa = PBXGroup;
			children = (
				8F0234921E24BE5C00528A59 /* AppDelegate.swift */,
				8F20766D1E8E04D90074FC33 /* TestViewController.swift */,
				8F277EEE1E2C52F00034B8A0 /* JMTabbarViewController.swift */,
				8FB9AC5F1E9C7D6C0048A0D6 /* Resource */,
				8F0234991E24BE5C00528A59 /* Assets.xcassets */,
				8F02349E1E24BE5C00528A59 /* Info.plist */,
				8F277EF51E2C6E7E0034B8A0 /* SwiftStudy-Bridging-Header.h */,
			);
			path = SwiftStudy;
			sourceTree = "<group>";
		};
		8FB9AC5F1E9C7D6C0048A0D6 /* Resource */ = {
			isa = PBXGroup;
			children = (
				8FB9AC5D1E9C7B7F0048A0D6 /* BaseViewController.swift */,
				8F0234A61E24C21300528A59 /* JMTool.swift */,
				8F1B12B61E8CEC2400D10359 /* JMHttp.swift */,
				8F277EF01E2C55280034B8A0 /* Header.swift */,
				8F277EF21E2C55320034B8A0 /* Url.swift */,
			);
			name = Resource;
			sourceTree = "<group>";
		};
/* End PBXGroup section */

/* Begin PBXNativeTarget section */
		8F02348E1E24BE5C00528A59 /* SwiftStudy */ = {
			isa = PBXNativeTarget;
			buildConfigurationList = 8F0234A11E24BE5C00528A59 /* Build configuration list for PBXNativeTarget "SwiftStudy" */;
			buildPhases = (
				15FF1F533860CE4C7ED9AF59 /* [CP] Check Pods Manifest.lock */,
				8F02348B1E24BE5C00528A59 /* Sources */,
				8F02348C1E24BE5C00528A59 /* Frameworks */,
				8F02348D1E24BE5C00528A59 /* Resources */,
				2806D0EFA3B49983990D7263 /* [CP] Embed Pods Frameworks */,
				9F0B5D45472C9928FF19599B /* [CP] Copy Pods Resources */,
			);
			buildRules = (
			);
			dependencies = (
			);
			name = SwiftStudy;
			productName = SwiftStudy;
			productReference = 8F02348F1E24BE5C00528A59 /* SwiftStudy.app */;
			productType = "com.apple.product-type.application";
		};
/* End PBXNativeTarget section */

/* Begin PBXProject section */
		8F0234871E24BE5C00528A59 /* Project object */ = {
			isa = PBXProject;
			attributes = {
				LastSwiftUpdateCheck = 0800;
				LastUpgradeCheck = 0800;
				ORGANIZATIONNAME = zhengxingxia;
				TargetAttributes = {
					8F02348E1E24BE5C00528A59 = {
						CreatedOnToolsVersion = 8.0;
						DevelopmentTeam = QUKE3VDXD9;
						LastSwiftMigration = 0800;
						ProvisioningStyle = Automatic;
						SystemCapabilities = {
							com.apple.BackgroundModes = {
								enabled = 0;
							};
						};
					};
				};
			};
			buildConfigurationList = 8F02348A1E24BE5C00528A59 /* Build configuration list for PBXProject "SwiftStudy" */;
			compatibilityVersion = "Xcode 3.2";
			developmentRegion = English;
			hasScannedForEncodings = 0;
			knownRegions = (
				en,
				Base,
			);
			mainGroup = 8F0234861E24BE5C00528A59;
			productRefGroup = 8F0234901E24BE5C00528A59 /* Products */;
			projectDirPath = "";
			projectRoot = "";
			targets = (
				8F02348E1E24BE5C00528A59 /* SwiftStudy */,
			);
		};
/* End PBXProject section */

/* Begin PBXResourcesBuildPhase section */
		8F02348D1E24BE5C00528A59 /* Resources */ = {
			isa = PBXResourcesBuildPhase;
			buildActionMask = 2147483647;
			files = (
				8F0118D81E35966700507B2F /* podfile in Resources */,
				8F02349A1E24BE5C00528A59 /* Assets.xcassets in Resources */,
			);
			runOnlyForDeploymentPostprocessing = 0;
		};
/* End PBXResourcesBuildPhase section */

/* Begin PBXShellScriptBuildPhase section */
		15FF1F533860CE4C7ED9AF59 /* [CP] Check Pods Manifest.lock */ = {
			isa = PBXShellScriptBuildPhase;
			buildActionMask = 2147483647;
			files = (
			);
			inputPaths = (
			);
			name = "[CP] Check Pods Manifest.lock";
			outputPaths = (
			);
			runOnlyForDeploymentPostprocessing = 0;
			shellPath = /bin/sh;
			shellScript = "diff \"${PODS_ROOT}/../Podfile.lock\" \"${PODS_ROOT}/Manifest.lock\" > /dev/null\nif [ $? != 0 ] ; then\n    # print error to STDERR\n    echo \"error: The sandbox is not in sync with the Podfile.lock. Run 'pod install' or update your CocoaPods installation.\" >&2\n    exit 1\nfi\n";
			showEnvVarsInLog = 0;
		};
		2806D0EFA3B49983990D7263 /* [CP] Embed Pods Frameworks */ = {
			isa = PBXShellScriptBuildPhase;
			buildActionMask = 2147483647;
			files = (
			);
			inputPaths = (
			);
			name = "[CP] Embed Pods Frameworks";
			outputPaths = (
			);
			runOnlyForDeploymentPostprocessing = 0;
			shellPath = /bin/sh;
			shellScript = "\"${SRCROOT}/Pods/Target Support Files/Pods-SwiftStudy/Pods-SwiftStudy-frameworks.sh\"\n";
			showEnvVarsInLog = 0;
		};
		9F0B5D45472C9928FF19599B /* [CP] Copy Pods Resources */ = {
			isa = PBXShellScriptBuildPhase;
			buildActionMask = 2147483647;
			files = (
			);
			inputPaths = (
			);
			name = "[CP] Copy Pods Resources";
			outputPaths = (
			);
			runOnlyForDeploymentPostprocessing = 0;
			shellPath = /bin/sh;
			shellScript = "\"${SRCROOT}/Pods/Target Support Files/Pods-SwiftStudy/Pods-SwiftStudy-resources.sh\"\n";
			showEnvVarsInLog = 0;
		};
/* End PBXShellScriptBuildPhase section */

/* Begin PBXSourcesBuildPhase section */
		8F02348B1E24BE5C00528A59 /* Sources */ = {
			isa = PBXSourcesBuildPhase;
			buildActionMask = 2147483647;
			files = (
				8F20766E1E8E04D90074FC33 /* TestViewController.swift in Sources */,
				8F277EF11E2C55280034B8A0 /* Header.swift in Sources */,
				8F0234A71E24C21300528A59 /* JMTool.swift in Sources */,
				8F277EEF1E2C52F10034B8A0 /* JMTabbarViewController.swift in Sources */,
				8F0234931E24BE5C00528A59 /* AppDelegate.swift in Sources */,
				8FB9AC5E1E9C7B7F0048A0D6 /* BaseViewController.swift in Sources */,
				8F1B12B71E8CEC2400D10359 /* JMHttp.swift in Sources */,
				8F277EF31E2C55320034B8A0 /* Url.swift in Sources */,
			);
			runOnlyForDeploymentPostprocessing = 0;
		};
/* End PBXSourcesBuildPhase section */

/* Begin XCBuildConfiguration section */
		8F02349F1E24BE5C00528A59 /* Debug */ = {
			isa = XCBuildConfiguration;
			buildSettings = {
				ALWAYS_SEARCH_USER_PATHS = NO;
				CLANG_ANALYZER_NONNULL = YES;
				CLANG_CXX_LANGUAGE_STANDARD = "gnu++0x";
				CLANG_CXX_LIBRARY = "libc++";
				CLANG_ENABLE_MODULES = YES;
				CLANG_ENABLE_OBJC_ARC = YES;
				CLANG_WARN_BOOL_CONVERSION = YES;
				CLANG_WARN_CONSTANT_CONVERSION = YES;
				CLANG_WARN_DIRECT_OBJC_ISA_USAGE = YES_ERROR;
				CLANG_WARN_DOCUMENTATION_COMMENTS = YES;
				CLANG_WARN_EMPTY_BODY = YES;
				CLANG_WARN_ENUM_CONVERSION = YES;
				CLANG_WARN_INFINITE_RECURSION = YES;
				CLANG_WARN_INT_CONVERSION = YES;
				CLANG_WARN_OBJC_ROOT_CLASS = YES_ERROR;
				CLANG_WARN_SUSPICIOUS_MOVES = YES;
				CLANG_WARN_UNREACHABLE_CODE = YES;
				CLANG_WARN__DUPLICATE_METHOD_MATCH = YES;
				"CODE_SIGN_IDENTITY[sdk=iphoneos*]" = "iPhone Developer";
				COPY_PHASE_STRIP = NO;
				DEBUG_INFORMATION_FORMAT = dwarf;
				ENABLE_STRICT_OBJC_MSGSEND = YES;
				ENABLE_TESTABILITY = YES;
				GCC_C_LANGUAGE_STANDARD = gnu99;
				GCC_DYNAMIC_NO_PIC = NO;
				GCC_NO_COMMON_BLOCKS = YES;
				GCC_OPTIMIZATION_LEVEL = 0;
				GCC_PREPROCESSOR_DEFINITIONS = (
					"DEBUG=1",
					"$(inherited)",
				);
				GCC_WARN_64_TO_32_BIT_CONVERSION = YES;
				GCC_WARN_ABOUT_RETURN_TYPE = YES_ERROR;
				GCC_WARN_UNDECLARED_SELECTOR = YES;
				GCC_WARN_UNINITIALIZED_AUTOS = YES_AGGRESSIVE;
				GCC_WARN_UNUSED_FUNCTION = YES;
				GCC_WARN_UNUSED_VARIABLE = YES;
				IPHONEOS_DEPLOYMENT_TARGET = 10.0;
				MTL_ENABLE_DEBUG_INFO = YES;
				ONLY_ACTIVE_ARCH = YES;
				SDKROOT = iphoneos;
				SWIFT_ACTIVE_COMPILATION_CONDITIONS = DEBUG;
				SWIFT_OPTIMIZATION_LEVEL = "-Onone";
			};
			name = Debug;
		};
		8F0234A01E24BE5C00528A59 /* Release */ = {
			isa = XCBuildConfiguration;
			buildSettings = {
				ALWAYS_SEARCH_USER_PATHS = NO;
				CLANG_ANALYZER_NONNULL = YES;
				CLANG_CXX_LANGUAGE_STANDARD = "gnu++0x";
				CLANG_CXX_LIBRARY = "libc++";
				CLANG_ENABLE_MODULES = YES;
				CLANG_ENABLE_OBJC_ARC = YES;
				CLANG_WARN_BOOL_CONVERSION = YES;
				CLANG_WARN_CONSTANT_CONVERSION = YES;
				CLANG_WARN_DIRECT_OBJC_ISA_USAGE = YES_ERROR;
				CLANG_WARN_DOCUMENTATION_COMMENTS = YES;
				CLANG_WARN_EMPTY_BODY = YES;
				CLANG_WARN_ENUM_CONVERSION = YES;
				CLANG_WARN_INFINITE_RECURSION = YES;
				CLANG_WARN_INT_CONVERSION = YES;
				CLANG_WARN_OBJC_ROOT_CLASS = YES_ERROR;
				CLANG_WARN_SUSPICIOUS_MOVES = YES;
				CLANG_WARN_UNREACHABLE_CODE = YES;
				CLANG_WARN__DUPLICATE_METHOD_MATCH = YES;
				"CODE_SIGN_IDENTITY[sdk=iphoneos*]" = "iPhone Developer";
				COPY_PHASE_STRIP = NO;
				DEBUG_INFORMATION_FORMAT = "dwarf-with-dsym";
				ENABLE_NS_ASSERTIONS = NO;
				ENABLE_STRICT_OBJC_MSGSEND = YES;
				GCC_C_LANGUAGE_STANDARD = gnu99;
				GCC_NO_COMMON_BLOCKS = YES;
				GCC_WARN_64_TO_32_BIT_CONVERSION = YES;
				GCC_WARN_ABOUT_RETURN_TYPE = YES_ERROR;
				GCC_WARN_UNDECLARED_SELECTOR = YES;
				GCC_WARN_UNINITIALIZED_AUTOS = YES_AGGRESSIVE;
				GCC_WARN_UNUSED_FUNCTION = YES;
				GCC_WARN_UNUSED_VARIABLE = YES;
				IPHONEOS_DEPLOYMENT_TARGET = 10.0;
				MTL_ENABLE_DEBUG_INFO = NO;
				SDKROOT = iphoneos;
				SWIFT_OPTIMIZATION_LEVEL = "-Owholemodule";
				VALIDATE_PRODUCT = YES;
			};
			name = Release;
		};
		8F0234A21E24BE5C00528A59 /* Debug */ = {
			isa = XCBuildConfiguration;
			baseConfigurationReference = 488CB5CF0768E430CD763003 /* Pods-SwiftStudy.debug.xcconfig */;
			buildSettings = {
				ASSETCATALOG_COMPILER_APPICON_NAME = AppIcon;
				CLANG_ENABLE_MODULES = YES;
				DEVELOPMENT_TEAM = QUKE3VDXD9;
				INFOPLIST_FILE = SwiftStudy/Info.plist;
				IPHONEOS_DEPLOYMENT_TARGET = 8.0;
				LD_RUNPATH_SEARCH_PATHS = "$(inherited) @executable_path/Frameworks";
				PRODUCT_BUNDLE_IDENTIFIER = com.lvtaosoft.SwiftStudy;
				PRODUCT_NAME = "$(TARGET_NAME)";
				SWIFT_OBJC_BRIDGING_HEADER = "SwiftStudy/SwiftStudy-Bridging-Header.h";
				SWIFT_OPTIMIZATION_LEVEL = "-Onone";
				SWIFT_VERSION = 3.0;
			};
			name = Debug;
		};
		8F0234A31E24BE5C00528A59 /* Release */ = {
			isa = XCBuildConfiguration;
			baseConfigurationReference = E35865329A072696B18C17C5 /* Pods-SwiftStudy.release.xcconfig */;
			buildSettings = {
				ASSETCATALOG_COMPILER_APPICON_NAME = AppIcon;
				CLANG_ENABLE_MODULES = YES;
				DEVELOPMENT_TEAM = QUKE3VDXD9;
				INFOPLIST_FILE = SwiftStudy/Info.plist;
				IPHONEOS_DEPLOYMENT_TARGET = 8.0;
				LD_RUNPATH_SEARCH_PATHS = "$(inherited) @executable_path/Frameworks";
				PRODUCT_BUNDLE_IDENTIFIER = com.lvtaosoft.SwiftStudy;
				PRODUCT_NAME = "$(TARGET_NAME)";
				SWIFT_OBJC_BRIDGING_HEADER = "SwiftStudy/SwiftStudy-Bridging-Header.h";
				SWIFT_VERSION = 3.0;
			};
			name = Release;
		};
/* End XCBuildConfiguration section */

/* Begin XCConfigurationList section */
		8F02348A1E24BE5C00528A59 /* Build configuration list for PBXProject "SwiftStudy" */ = {
			isa = XCConfigurationList;
			buildConfigurations = (
				8F02349F1E24BE5C00528A59 /* Debug */,
				8F0234A01E24BE5C00528A59 /* Release */,
			);
			defaultConfigurationIsVisible = 0;
			defaultConfigurationName = Release;
		};
		8F0234A11E24BE5C00528A59 /* Build configuration list for PBXNativeTarget "SwiftStudy" */ = {
			isa = XCConfigurationList;
			buildConfigurations = (
				8F0234A21E24BE5C00528A59 /* Debug */,
				8F0234A31E24BE5C00528A59 /* Release */,
			);
			defaultConfigurationIsVisible = 0;
			defaultConfigurationName = Release;
		};
/* End XCConfigurationList section */
	};
	rootObject = 8F0234871E24BE5C00528A59 /* Project object */;
}
